
Microsoft Visual Studio Solution File, Format Version 12.00
# Visual Studio Version 17
VisualStudioVersion = 17.9.34723.18
MinimumVisualStudioVersion = 10.0.40219.1
Project("{FAE04EC0-301F-11D3-BF4B-00C04F79EFBC}") = "ejercico 2", "ejercico 2\ejercico 2.csproj", "{9BCDE0C4-8AF7-4CB1-B7F9-D0F14B436AB1}"
EndProject
Global
	GlobalSection(SolutionConfigurationPlatforms) = preSolution
		Debug|Any CPU = Debug|Any CPU
		Release|Any CPU = Release|Any CPU
	EndGlobalSection
	GlobalSection(ProjectConfigurationPlatforms) = postSolution
		{9BCDE0C4-8AF7-4CB1-B7F9-D0F14B436AB1}.Debug|Any CPU.ActiveCfg = Debug|Any CPU
		{9BCDE0C4-8AF7-4CB1-B7F9-D0F14B436AB1}.Debug|Any CPU.Build.0 = Debug|Any CPU
		{9BCDE0C4-8AF7-4CB1-B7F9-D0F14B436AB1}.Release|Any CPU.ActiveCfg = Release|Any CPU
		{9BCDE0C4-8AF7-4CB1-B7F9-D0F14B436AB1}.Release|Any CPU.Build.0 = Release|Any CPU
	EndGlobalSection
	GlobalSection(SolutionProperties) = preSolution
		HideSolutionNode = FALSE
	EndGlobalSection
	GlobalSection(ExtensibilityGlobals) = postSolution
		SolutionGuid = {900E76C0-A345-41EA-9E1D-803E462CC240}
	EndGlobalSection
EndGlobal
