
Microsoft Visual Studio Solution File, Format Version 12.00
# Visual Studio Version 17
VisualStudioVersion = 17.9.34723.18
MinimumVisualStudioVersion = 10.0.40219.1
Project("{FAE04EC0-301F-11D3-BF4B-00C04F79EFBC}") = "Juego de memoria", "Juego de memoria\Juego de memoria.csproj", "{CD3E0EA0-5742-48D0-B2E0-572CFC3D7AEF}"
EndProject
Global
	GlobalSection(SolutionConfigurationPlatforms) = preSolution
		Debug|Any CPU = Debug|Any CPU
		Release|Any CPU = Release|Any CPU
	EndGlobalSection
	GlobalSection(ProjectConfigurationPlatforms) = postSolution
		{CD3E0EA0-5742-48D0-B2E0-572CFC3D7AEF}.Debug|Any CPU.ActiveCfg = Debug|Any CPU
		{CD3E0EA0-5742-48D0-B2E0-572CFC3D7AEF}.Debug|Any CPU.Build.0 = Debug|Any CPU
		{CD3E0EA0-5742-48D0-B2E0-572CFC3D7AEF}.Release|Any CPU.ActiveCfg = Release|Any CPU
		{CD3E0EA0-5742-48D0-B2E0-572CFC3D7AEF}.Release|Any CPU.Build.0 = Release|Any CPU
	EndGlobalSection
	GlobalSection(SolutionProperties) = preSolution
		HideSolutionNode = FALSE
	EndGlobalSection
	GlobalSection(ExtensibilityGlobals) = postSolution
		SolutionGuid = {95066E71-242B-40D6-A865-E0193B888642}
	EndGlobalSection
EndGlobal
